{
  "version": 4,
  "terraform_version": "1.12.2",
  "serial": 3,
  "lineage": "4afce5ca-efc6-1a90-3447-a16d1079e834",
  "outputs": {},
  "resources": [
    {
      "mode": "managed",
      "type": "github_repository",
      "name": "terraform_repo_16_07_2025",
      "provider": "provider[\"registry.terraform.io/integrations/github\"]",
      "instances": [
        {
          "schema_version": 1,
          "attributes": {
            "allow_auto_merge": false,
            "allow_merge_commit": true,
            "allow_rebase_merge": true,
            "allow_squash_merge": true,
            "allow_update_branch": false,
            "archive_on_destroy": null,
            "archived": false,
            "auto_init": null,
            "default_branch": "main",
            "delete_branch_on_merge": false,
            "description": "This is a repository created by Terraform on 16th July 2025",
            "etag": "W/\"84e9c929c955f383a65c8587a6bf867338cb2208edfafbc55e460259ff52819a\"",
            "full_name": "Bhoopendra192016/terraform_repo_16_07_2025",
            "git_clone_url": "git://github.com/Bhoopendra192016/terraform_repo_16_07_2025.git",
            "gitignore_template": null,
            "has_discussions": false,
            "has_downloads": false,
            "has_issues": true,
            "has_projects": true,
            "has_wiki": true,
            "homepage_url": "",
            "html_url": "https://github.com/Bhoopendra192016/terraform_repo_16_07_2025",
            "http_clone_url": "https://github.com/Bhoopendra192016/terraform_repo_16_07_2025.git",
            "id": "terraform_repo_16_07_2025",
            "ignore_vulnerability_alerts_during_read": null,
            "is_template": false,
            "license_template": null,
            "merge_commit_message": "PR_TITLE",
            "merge_commit_title": "MERGE_MESSAGE",
            "name": "terraform_repo_16_07_2025",
            "node_id": "R_kgDOPNd3ww",
            "pages": [],
            "primary_language": "",
            "private": false,
            "repo_id": 1020753859,
            "security_and_analysis": [
              {
                "advanced_security": [],
                "secret_scanning": [
                  {
                    "status": "enabled"
                  }
                ],
                "secret_scanning_push_protection": [
                  {
                    "status": "enabled"
                  }
                ]
              }
            ],
            "squash_merge_commit_message": "COMMIT_MESSAGES",
            "squash_merge_commit_title": "COMMIT_OR_PR_TITLE",
            "ssh_clone_url": "git@github.com:Bhoopendra192016/terraform_repo_16_07_2025.git",
            "svn_url": "https://github.com/Bhoopendra192016/terraform_repo_16_07_2025",
            "template": [],
            "topics": [],
            "visibility": "public",
            "vulnerability_alerts": false,
            "web_commit_signoff_required": false
          },
          "sensitive_attributes": [],
          "identity_schema_version": 0,
          "private": "eyJzY2hlbWFfdmVyc2lvbiI6IjEifQ=="
        }
      ]
    }
  ],
  "check_results": null
}
